
Microsoft Visual Studio Solution File, Format Version 12.00
# Visual Studio Version 17
VisualStudioVersion = 17.3.32922.545
MinimumVisualStudioVersion = 10.0.40219.1
Project("{FAE04EC0-301F-11D3-BF4B-00C04F79EFBC}") = "MvcCoreApiCrudPersonaje", "MvcCoreApiCrudPersonaje\MvcCoreApiCrudPersonaje.csproj", "{4BD09B00-1707-4B20-8906-816F7A72F87E}"
EndProject
Global
	GlobalSection(SolutionConfigurationPlatforms) = preSolution
		Debug|Any CPU = Debug|Any CPU
		Release|Any CPU = Release|Any CPU
	EndGlobalSection
	GlobalSection(ProjectConfigurationPlatforms) = postSolution
		{4BD09B00-1707-4B20-8906-816F7A72F87E}.Debug|Any CPU.ActiveCfg = Debug|Any CPU
		{4BD09B00-1707-4B20-8906-816F7A72F87E}.Debug|Any CPU.Build.0 = Debug|Any CPU
		{4BD09B00-1707-4B20-8906-816F7A72F87E}.Release|Any CPU.ActiveCfg = Release|Any CPU
		{4BD09B00-1707-4B20-8906-816F7A72F87E}.Release|Any CPU.Build.0 = Release|Any CPU
	EndGlobalSection
	GlobalSection(SolutionProperties) = preSolution
		HideSolutionNode = FALSE
	EndGlobalSection
	GlobalSection(ExtensibilityGlobals) = postSolution
		SolutionGuid = {5139C832-7328-4715-8840-42405563D214}
	EndGlobalSection
EndGlobal
